
Microsoft Visual Studio Solution File, Format Version 12.00
# Visual Studio Version 17
VisualStudioVersion = 17.6.33801.468
MinimumVisualStudioVersion = 10.0.40219.1
Project("{FAE04EC0-301F-11D3-BF4B-00C04F79EFBC}") = "Entities", "Entities\Entities.csproj", "{0D93A91C-861E-481C-989A-794E1BBCA2F1}"
EndProject
Project("{FAE04EC0-301F-11D3-BF4B-00C04F79EFBC}") = "DataAccess", "DataAccess\DataAccess.csproj", "{2A74FC5D-D285-4F2A-A1B7-943F2D00510C}"
EndProject
Project("{FAE04EC0-301F-11D3-BF4B-00C04F79EFBC}") = "Business", "Business\Business.csproj", "{30F8D17F-DDB0-413A-84FF-81F9EC74B226}"
EndProject
Project("{FAE04EC0-301F-11D3-BF4B-00C04F79EFBC}") = "Core", "Core\Core.csproj", "{B0C4A739-55D0-4D62-ABE1-71E4BE4F8F39}"
EndProject
Project("{FAE04EC0-301F-11D3-BF4B-00C04F79EFBC}") = "WebAPI", "WebAPI\WebAPI.csproj", "{14DD0213-B52B-4F8F-B889-A2588550C684}"
EndProject
Global
	GlobalSection(SolutionConfigurationPlatforms) = preSolution
		Debug|Any CPU = Debug|Any CPU
		Release|Any CPU = Release|Any CPU
	EndGlobalSection
	GlobalSection(ProjectConfigurationPlatforms) = postSolution
		{0D93A91C-861E-481C-989A-794E1BBCA2F1}.Debug|Any CPU.ActiveCfg = Debug|Any CPU
		{0D93A91C-861E-481C-989A-794E1BBCA2F1}.Debug|Any CPU.Build.0 = Debug|Any CPU
		{0D93A91C-861E-481C-989A-794E1BBCA2F1}.Release|Any CPU.ActiveCfg = Release|Any CPU
		{0D93A91C-861E-481C-989A-794E1BBCA2F1}.Release|Any CPU.Build.0 = Release|Any CPU
		{2A74FC5D-D285-4F2A-A1B7-943F2D00510C}.Debug|Any CPU.ActiveCfg = Debug|Any CPU
		{2A74FC5D-D285-4F2A-A1B7-943F2D00510C}.Debug|Any CPU.Build.0 = Debug|Any CPU
		{2A74FC5D-D285-4F2A-A1B7-943F2D00510C}.Release|Any CPU.ActiveCfg = Release|Any CPU
		{2A74FC5D-D285-4F2A-A1B7-943F2D00510C}.Release|Any CPU.Build.0 = Release|Any CPU
		{30F8D17F-DDB0-413A-84FF-81F9EC74B226}.Debug|Any CPU.ActiveCfg = Debug|Any CPU
		{30F8D17F-DDB0-413A-84FF-81F9EC74B226}.Debug|Any CPU.Build.0 = Debug|Any CPU
		{30F8D17F-DDB0-413A-84FF-81F9EC74B226}.Release|Any CPU.ActiveCfg = Release|Any CPU
		{30F8D17F-DDB0-413A-84FF-81F9EC74B226}.Release|Any CPU.Build.0 = Release|Any CPU
		{B0C4A739-55D0-4D62-ABE1-71E4BE4F8F39}.Debug|Any CPU.ActiveCfg = Debug|Any CPU
		{B0C4A739-55D0-4D62-ABE1-71E4BE4F8F39}.Debug|Any CPU.Build.0 = Debug|Any CPU
		{B0C4A739-55D0-4D62-ABE1-71E4BE4F8F39}.Release|Any CPU.ActiveCfg = Release|Any CPU
		{B0C4A739-55D0-4D62-ABE1-71E4BE4F8F39}.Release|Any CPU.Build.0 = Release|Any CPU
		{14DD0213-B52B-4F8F-B889-A2588550C684}.Debug|Any CPU.ActiveCfg = Debug|Any CPU
		{14DD0213-B52B-4F8F-B889-A2588550C684}.Debug|Any CPU.Build.0 = Debug|Any CPU
		{14DD0213-B52B-4F8F-B889-A2588550C684}.Release|Any CPU.ActiveCfg = Release|Any CPU
		{14DD0213-B52B-4F8F-B889-A2588550C684}.Release|Any CPU.Build.0 = Release|Any CPU
	EndGlobalSection
	GlobalSection(SolutionProperties) = preSolution
		HideSolutionNode = FALSE
	EndGlobalSection
	GlobalSection(ExtensibilityGlobals) = postSolution
		SolutionGuid = {98A2EB6C-8DBA-47ED-8273-59D9230153E3}
	EndGlobalSection
EndGlobal
